
Microsoft Visual Studio Solution File, Format Version 12.00
# Visual Studio Version 17
VisualStudioVersion = 17.5.33530.505
MinimumVisualStudioVersion = 10.0.40219.1
Project("{FAE04EC0-301F-11D3-BF4B-00C04F79EFBC}") = "krautundrueben", "krautundrueben\krautundrueben.csproj", "{D486E6E8-156A-431A-8B8D-64C7C64B8E43}"
EndProject
Global
	GlobalSection(SolutionConfigurationPlatforms) = preSolution
		Debug|Any CPU = Debug|Any CPU
		Release|Any CPU = Release|Any CPU
	EndGlobalSection
	GlobalSection(ProjectConfigurationPlatforms) = postSolution
		{D486E6E8-156A-431A-8B8D-64C7C64B8E43}.Debug|Any CPU.ActiveCfg = Debug|Any CPU
		{D486E6E8-156A-431A-8B8D-64C7C64B8E43}.Debug|Any CPU.Build.0 = Debug|Any CPU
		{D486E6E8-156A-431A-8B8D-64C7C64B8E43}.Release|Any CPU.ActiveCfg = Release|Any CPU
		{D486E6E8-156A-431A-8B8D-64C7C64B8E43}.Release|Any CPU.Build.0 = Release|Any CPU
	EndGlobalSection
	GlobalSection(SolutionProperties) = preSolution
		HideSolutionNode = FALSE
	EndGlobalSection
	GlobalSection(ExtensibilityGlobals) = postSolution
		SolutionGuid = {7DCFC6EB-9B78-42A0-84D0-2F2FDCE0432E}
	EndGlobalSection
EndGlobal
